
Microsoft Visual Studio Solution File, Format Version 12.00
# Visual Studio Version 16
VisualStudioVersion = 16.0.29911.84
MinimumVisualStudioVersion = 10.0.40219.1
Project("{FAE04EC0-301F-11D3-BF4B-00C04F79EFBC}") = "DemoCode1", "DemoCode1.csproj", "{214F5DC6-B30B-4F6B-A16C-88E6C0174C25}"
EndProject
Global
	GlobalSection(SolutionConfigurationPlatforms) = preSolution
		Debug|Any CPU = Debug|Any CPU
		Release|Any CPU = Release|Any CPU
	EndGlobalSection
	GlobalSection(ProjectConfigurationPlatforms) = postSolution
		{214F5DC6-B30B-4F6B-A16C-88E6C0174C25}.Debug|Any CPU.ActiveCfg = Debug|Any CPU
		{214F5DC6-B30B-4F6B-A16C-88E6C0174C25}.Debug|Any CPU.Build.0 = Debug|Any CPU
		{214F5DC6-B30B-4F6B-A16C-88E6C0174C25}.Release|Any CPU.ActiveCfg = Release|Any CPU
		{214F5DC6-B30B-4F6B-A16C-88E6C0174C25}.Release|Any CPU.Build.0 = Release|Any CPU
	EndGlobalSection
	GlobalSection(SolutionProperties) = preSolution
		HideSolutionNode = FALSE
	EndGlobalSection
	GlobalSection(ExtensibilityGlobals) = postSolution
		SolutionGuid = {90028A58-7FF2-4C7F-B49E-734EB170F424}
	EndGlobalSection
EndGlobal
